
Microsoft Visual Studio Solution File, Format Version 12.00
# Visual Studio Version 16
VisualStudioVersion = 16.0.31112.23
MinimumVisualStudioVersion = 10.0.40219.1
Project("{FAE04EC0-301F-11D3-BF4B-00C04F79EFBC}") = "MaterialSkin", "MaterialSkin\MaterialSkin.csproj", "{40237559-2A59-4AF6-B204-D24C5B9A2A51}"
EndProject
Project("{FAE04EC0-301F-11D3-BF4B-00C04F79EFBC}") = "MaterialSkinExample", "MaterialSkinExample\MaterialSkinExample.csproj", "{59668A61-31D5-445D-B65F-CB79BC05E274}"
EndProject
Global
	GlobalSection(SolutionConfigurationPlatforms) = preSolution
		Debug|Any CPU = Debug|Any CPU
		Release|Any CPU = Release|Any CPU
	EndGlobalSection
	GlobalSection(ProjectConfigurationPlatforms) = postSolution
		{40237559-2A59-4AF6-B204-D24C5B9A2A51}.Debug|Any CPU.ActiveCfg = Debug|Any CPU
		{40237559-2A59-4AF6-B204-D24C5B9A2A51}.Debug|Any CPU.Build.0 = Debug|Any CPU
		{40237559-2A59-4AF6-B204-D24C5B9A2A51}.Release|Any CPU.ActiveCfg = Release|Any CPU
		{40237559-2A59-4AF6-B204-D24C5B9A2A51}.Release|Any CPU.Build.0 = Release|Any CPU
		{59668A61-31D5-445D-B65F-CB79BC05E274}.Debug|Any CPU.ActiveCfg = Debug|Any CPU
		{59668A61-31D5-445D-B65F-CB79BC05E274}.Debug|Any CPU.Build.0 = Debug|Any CPU
		{59668A61-31D5-445D-B65F-CB79BC05E274}.Release|Any CPU.ActiveCfg = Release|Any CPU
		{59668A61-31D5-445D-B65F-CB79BC05E274}.Release|Any CPU.Build.0 = Release|Any CPU
	EndGlobalSection
	GlobalSection(SolutionProperties) = preSolution
		HideSolutionNode = FALSE
	EndGlobalSection
	GlobalSection(ExtensibilityGlobals) = postSolution
		SolutionGuid = {72502849-BB63-4858-A84E-C6AC5F34A79D}
	EndGlobalSection
EndGlobal
